
Microsoft Visual Studio Solution File, Format Version 12.00
# Visual Studio 2013
VisualStudioVersion = 12.0.21005.1
MinimumVisualStudioVersion = 10.0.40219.1
Project("{2150E333-8FDC-42A3-9474-1A3956D46DE8}") = "KM.Framework", "KM.Framework", "{62528E53-67AE-4C2E-8D89-40B836E4022B}"
EndProject
Project("{2150E333-8FDC-42A3-9474-1A3956D46DE8}") = "KM.UI", "KM.UI", "{2C587877-4D33-4206-ABAC-DA1FD399AD56}"
EndProject
Project("{FAE04EC0-301F-11D3-BF4B-00C04F79EFBC}") = "JTS.Core", "JTS.Framework\JTS.Core\JTS.Core.csproj", "{7211DE8C-72B7-47F5-9D44-435BD1537D7D}"
EndProject
Project("{FAE04EC0-301F-11D3-BF4B-00C04F79EFBC}") = "JTS.Utils", "JTS.Framework\JTS.Utils\JTS.Utils.csproj", "{ABAD1096-2138-421A-AD5C-D876BA82F1F1}"
EndProject
Project("{FAE04EC0-301F-11D3-BF4B-00C04F79EFBC}") = "JTS.Entity", "JTS.Framework\JTS.Entity\JTS.Entity.csproj", "{5C0141FC-13BB-423B-92F2-05C09AB5A15D}"
EndProject
Project("{FAE04EC0-301F-11D3-BF4B-00C04F79EFBC}") = "JTS.Service", "JTS.Framework\JTS.Service\JTS.Service.csproj", "{B891D679-C90E-4A6A-831B-C6F7FD2F1C8F}"
EndProject
Project("{FAE04EC0-301F-11D3-BF4B-00C04F79EFBC}") = "JTS.WebUI", "JTS.WebUI\JTS.WebUI.csproj", "{81BAEC7E-B268-4179-BC00-3A2754026CD7}"
EndProject
Global
	GlobalSection(SolutionConfigurationPlatforms) = preSolution
		Debug|Any CPU = Debug|Any CPU
		Release|Any CPU = Release|Any CPU
	EndGlobalSection
	GlobalSection(ProjectConfigurationPlatforms) = postSolution
		{7211DE8C-72B7-47F5-9D44-435BD1537D7D}.Debug|Any CPU.ActiveCfg = Debug|Any CPU
		{7211DE8C-72B7-47F5-9D44-435BD1537D7D}.Debug|Any CPU.Build.0 = Debug|Any CPU
		{7211DE8C-72B7-47F5-9D44-435BD1537D7D}.Release|Any CPU.ActiveCfg = Release|Any CPU
		{7211DE8C-72B7-47F5-9D44-435BD1537D7D}.Release|Any CPU.Build.0 = Release|Any CPU
		{ABAD1096-2138-421A-AD5C-D876BA82F1F1}.Debug|Any CPU.ActiveCfg = Debug|Any CPU
		{ABAD1096-2138-421A-AD5C-D876BA82F1F1}.Debug|Any CPU.Build.0 = Debug|Any CPU
		{ABAD1096-2138-421A-AD5C-D876BA82F1F1}.Release|Any CPU.ActiveCfg = Release|Any CPU
		{ABAD1096-2138-421A-AD5C-D876BA82F1F1}.Release|Any CPU.Build.0 = Release|Any CPU
		{5C0141FC-13BB-423B-92F2-05C09AB5A15D}.Debug|Any CPU.ActiveCfg = Debug|Any CPU
		{5C0141FC-13BB-423B-92F2-05C09AB5A15D}.Debug|Any CPU.Build.0 = Debug|Any CPU
		{5C0141FC-13BB-423B-92F2-05C09AB5A15D}.Release|Any CPU.ActiveCfg = Release|Any CPU
		{5C0141FC-13BB-423B-92F2-05C09AB5A15D}.Release|Any CPU.Build.0 = Release|Any CPU
		{B891D679-C90E-4A6A-831B-C6F7FD2F1C8F}.Debug|Any CPU.ActiveCfg = Debug|Any CPU
		{B891D679-C90E-4A6A-831B-C6F7FD2F1C8F}.Debug|Any CPU.Build.0 = Debug|Any CPU
		{B891D679-C90E-4A6A-831B-C6F7FD2F1C8F}.Release|Any CPU.ActiveCfg = Release|Any CPU
		{B891D679-C90E-4A6A-831B-C6F7FD2F1C8F}.Release|Any CPU.Build.0 = Release|Any CPU
		{81BAEC7E-B268-4179-BC00-3A2754026CD7}.Debug|Any CPU.ActiveCfg = Debug|Any CPU
		{81BAEC7E-B268-4179-BC00-3A2754026CD7}.Debug|Any CPU.Build.0 = Debug|Any CPU
		{81BAEC7E-B268-4179-BC00-3A2754026CD7}.Release|Any CPU.ActiveCfg = Release|Any CPU
		{81BAEC7E-B268-4179-BC00-3A2754026CD7}.Release|Any CPU.Build.0 = Release|Any CPU
	EndGlobalSection
	GlobalSection(SolutionProperties) = preSolution
		HideSolutionNode = FALSE
	EndGlobalSection
	GlobalSection(NestedProjects) = preSolution
		{7211DE8C-72B7-47F5-9D44-435BD1537D7D} = {62528E53-67AE-4C2E-8D89-40B836E4022B}
		{ABAD1096-2138-421A-AD5C-D876BA82F1F1} = {62528E53-67AE-4C2E-8D89-40B836E4022B}
		{5C0141FC-13BB-423B-92F2-05C09AB5A15D} = {62528E53-67AE-4C2E-8D89-40B836E4022B}
		{B891D679-C90E-4A6A-831B-C6F7FD2F1C8F} = {62528E53-67AE-4C2E-8D89-40B836E4022B}
		{81BAEC7E-B268-4179-BC00-3A2754026CD7} = {2C587877-4D33-4206-ABAC-DA1FD399AD56}
	EndGlobalSection
EndGlobal
